{
  "name": "trystereo",
  "version": "1.0.0",
  "lockfileVersion": 3,
  "requires": true,
  "packages": {
    "": {
      "name": "trystereo",
      "version": "1.0.0",
      "license": "ISC",
      "dependencies": {
        "simple-peer-light": "^9.10.0"
      }
    },
    "node_modules/simple-peer-light": {
      "version": "9.10.0",
      "resolved": "https://registry.npmjs.org/simple-peer-light/-/simple-peer-light-9.10.0.tgz",
      "integrity": "sha512-E0INlXmVy2XvVkyMallKYQlcTAD8S0ov+goSVDGD2k9vwkjBCOyFmESoUsv0Pi7P3nSh6TuMIIi+S/YRok9WLg=="
    }
  }
}
